{
    "_readme": [
        "This file locks the dependencies of your project to a known state",
        "Read more about it at https://getcomposer.org/doc/01-basic-usage.md#installing-dependencies",
        "This file is @generated automatically"
    ],
    "content-hash": "e2a72db759b1c591692da5e7d27aae3d",
    "packages": [
        {
            "name": "fpdf/fpdf",
            "version": "1.82.1",
            "source": {
                "type": "git",
                "url": "https://github.com/coreydoughty/Fpdf.git",
                "reference": "a8eb66ba732813f282a935775bceb72ffd40b15d"
            },
            "dist": {
                "type": "zip",
                "url": "https://api.github.com/repos/coreydoughty/Fpdf/zipball/a8eb66ba732813f282a935775bceb72ffd40b15d",
                "reference": "a8eb66ba732813f282a935775bceb72ffd40b15d",
                "shasum": ""
            },
            "require": {
                "php": ">=5.6.0"
            },
            "type": "library",
            "autoload": {
                "psr-4": {
                    "Fpdf\\": "src/Fpdf"
                }
            },
            "notification-url": "https://packagist.org/downloads/",
            "license": [
                "MIT"
            ],
            "authors": [
                {
                    "name": "Corey Doughty",
                    "email": "corey@doughty.ca"
                }
            ],
            "description": "FPDF Composer Wrapper",
            "homepage": "https://github.com/coreydoughty/Fpdf",
            "keywords": [
                "fpdf",
                "pdf",
                "wrapper"
            ],
            "time": "2020-02-15T12:05:43+00:00"
        },
        {
            "name": "gerardojbaez/money",
            "version": "v0.3.1",
            "source": {
                "type": "git",
                "url": "https://github.com/gerardojbaez/money.git",
                "reference": "1a29ca19899fad8ae559e9f2c982815ea21f8a6c"
            },
            "dist": {
                "type": "zip",
                "url": "https://api.github.com/repos/gerardojbaez/money/zipball/1a29ca19899fad8ae559e9f2c982815ea21f8a6c",
                "reference": "1a29ca19899fad8ae559e9f2c982815ea21f8a6c",
                "shasum": ""
            },
            "require": {
                "php": ">=5.5.9"
            },
            "require-dev": {
                "phpunit/phpunit": "5.4.*"
            },
            "type": "library",
            "autoload": {
                "psr-4": {
                    "Gerardojbaez\\Money\\": "src/"
                },
                "files": [
                    "src/helpers.php"
                ]
            },
            "notification-url": "https://packagist.org/downloads/",
            "license": [
                "MIT"
            ],
            "authors": [
                {
                    "name": "Gerardo Báez",
                    "email": "gerardojbaez@gmail.com"
                }
            ],
            "description": "A simple and cross-platform alternative to PHP money_format(). 91 currencies supported, including INR.",
            "keywords": [
                "currency",
                "formatter",
                "money",
                "money_format"
            ],
            "time": "2018-02-24T18:59:00+00:00"
        },
        {
            "name": "marc-mabe/php-enum",
            "version": "v4.2.0",
            "source": {
                "type": "git",
                "url": "https://github.com/marc-mabe/php-enum.git",
                "reference": "e6113cfec06ae1a6580812f4ea442fa696330988"
            },
            "dist": {
                "type": "zip",
                "url": "https://api.github.com/repos/marc-mabe/php-enum/zipball/e6113cfec06ae1a6580812f4ea442fa696330988",
                "reference": "e6113cfec06ae1a6580812f4ea442fa696330988",
                "shasum": ""
            },
            "require": {
                "ext-reflection": "*",
                "php": ">=7.1"
            },
            "require-dev": {
                "phpbench/phpbench": "^0.16.1",
                "phpunit/phpunit": "^6.0"
            },
            "type": "library",
            "extra": {
                "branch-alias": {
                    "dev-master": "4.0-dev",
                    "dev-3.x": "3.1-dev",
                    "dev-2.x": "2.3-dev",
                    "dev-1.x": "1.3-dev"
                }
            },
            "autoload": {
                "psr-4": {
                    "MabeEnum\\": "src/"
                }
            },
            "notification-url": "https://packagist.org/downloads/",
            "license": [
                "BSD-3-Clause"
            ],
            "authors": [
                {
                    "name": "Marc Bennewitz",
                    "email": "dev@mabe.berlin",
                    "homepage": "http://mabe.berlin/",
                    "role": "Lead"
                }
            ],
            "description": "Simple and fast implementation of enumerations with native PHP",
            "homepage": "https://github.com/marc-mabe/php-enum",
            "keywords": [
                "enum",
                "enum-map",
                "enum-set",
                "enumeration",
                "enumerator",
                "enummap",
                "enumset",
                "map",
                "set",
                "type",
                "type-hint",
                "typehint"
            ],
            "time": "2019-12-18T09:03:05+00:00"
        }
    ],
    "packages-dev": [],
    "aliases": [],
    "minimum-stability": "stable",
    "stability-flags": [],
    "prefer-stable": false,
    "prefer-lowest": false,
    "platform": [],
    "platform-dev": []
}
